
Microsoft Visual Studio Solution File, Format Version 12.00
# Visual Studio Version 16
VisualStudioVersion = 16.0.30204.135
MinimumVisualStudioVersion = 10.0.40219.1
Project("{FAE04EC0-301F-11D3-BF4B-00C04F79EFBC}") = "CoreWebApplication2", "CoreWebApplication2\CoreWebApplication2.csproj", "{C528A912-76C0-4F9E-9C37-5BED96EBA0EF}"
EndProject
Global
	GlobalSection(SolutionConfigurationPlatforms) = preSolution
		Debug|Any CPU = Debug|Any CPU
		Release|Any CPU = Release|Any CPU
	EndGlobalSection
	GlobalSection(ProjectConfigurationPlatforms) = postSolution
		{C528A912-76C0-4F9E-9C37-5BED96EBA0EF}.Debug|Any CPU.ActiveCfg = Debug|Any CPU
		{C528A912-76C0-4F9E-9C37-5BED96EBA0EF}.Debug|Any CPU.Build.0 = Debug|Any CPU
		{C528A912-76C0-4F9E-9C37-5BED96EBA0EF}.Release|Any CPU.ActiveCfg = Release|Any CPU
		{C528A912-76C0-4F9E-9C37-5BED96EBA0EF}.Release|Any CPU.Build.0 = Release|Any CPU
	EndGlobalSection
	GlobalSection(SolutionProperties) = preSolution
		HideSolutionNode = FALSE
	EndGlobalSection
	GlobalSection(ExtensibilityGlobals) = postSolution
		SolutionGuid = {0B1F9DCB-F414-48A4-AA0A-2504581F997E}
	EndGlobalSection
EndGlobal
